
Microsoft Visual Studio Solution File, Format Version 12.00
# Visual Studio 15
VisualStudioVersion = 15.0.27703.2042
MinimumVisualStudioVersion = 10.0.40219.1
Project("{FAE04EC0-301F-11D3-BF4B-00C04F79EFBC}") = "HigherLowerBot", "HigherLowerBot\HigherLowerBot.csproj", "{3EA6A499-9C89-471E-9176-251BE6F9A3A5}"
EndProject
Global
	GlobalSection(SolutionConfigurationPlatforms) = preSolution
		Debug|Any CPU = Debug|Any CPU
		Release|Any CPU = Release|Any CPU
	EndGlobalSection
	GlobalSection(ProjectConfigurationPlatforms) = postSolution
		{3EA6A499-9C89-471E-9176-251BE6F9A3A5}.Debug|Any CPU.ActiveCfg = Debug|Any CPU
		{3EA6A499-9C89-471E-9176-251BE6F9A3A5}.Debug|Any CPU.Build.0 = Debug|Any CPU
		{3EA6A499-9C89-471E-9176-251BE6F9A3A5}.Release|Any CPU.ActiveCfg = Release|Any CPU
		{3EA6A499-9C89-471E-9176-251BE6F9A3A5}.Release|Any CPU.Build.0 = Release|Any CPU
	EndGlobalSection
	GlobalSection(SolutionProperties) = preSolution
		HideSolutionNode = FALSE
	EndGlobalSection
	GlobalSection(ExtensibilityGlobals) = postSolution
		SolutionGuid = {974FDE53-38E2-48B4-A1B1-6713116AA266}
	EndGlobalSection
EndGlobal
